
Microsoft Visual Studio Solution File, Format Version 12.00
# Visual Studio Version 17
VisualStudioVersion = 17.14.36623.8
MinimumVisualStudioVersion = 10.0.40219.1
Project("{8BC9CEB8-8B4A-11D0-8D11-00A0C91BC942}") = "CodeKata1", "CodeKata1\CodeKata1.vcxproj", "{DBD121F1-9AC5-4DFE-9716-048F40D7C8D5}"
EndProject
Project("{8BC9CEB8-8B4A-11D0-8D11-00A0C91BC942}") = "CodeKata2", "CodeKata2\CodeKata2.vcxproj", "{367682F9-F5A6-4FDE-BA98-E44EA1D93CCA}"
EndProject
Project("{8BC9CEB8-8B4A-11D0-8D11-00A0C91BC942}") = "CodeKata3", "CodeKata3\CodeKata3.vcxproj", "{1BE30A10-67A8-4D36-8DE9-DF4D88EEFB20}"
EndProject
Project("{8BC9CEB8-8B4A-11D0-8D11-00A0C91BC942}") = "CodeKata4", "CodeKata4\CodeKata4.vcxproj", "{AB534032-B02E-41B3-B3C1-5B39D2578A2A}"
EndProject
Project("{8BC9CEB8-8B4A-11D0-8D11-00A0C91BC942}") = "CodeKata5", "CodeKata5\CodeKata5.vcxproj", "{65691E1A-CC1C-4BE6-822A-E68BD3D4BBB3}"
EndProject
Project("{8BC9CEB8-8B4A-11D0-8D11-00A0C91BC942}") = "CodeKata6", "CodeKata6\CodeKata6.vcxproj", "{E18A5AB4-56E4-4AE8-B083-1DF12EC5EA7B}"
EndProject
Project("{8BC9CEB8-8B4A-11D0-8D11-00A0C91BC942}") = "CodeKata7", "CodeKata7\CodeKata7.vcxproj", "{380A2E3B-3F7C-4997-AE6A-B99526CE690A}"
EndProject
Project("{8BC9CEB8-8B4A-11D0-8D11-00A0C91BC942}") = "CodeKata8", "CodeKata8\CodeKata8.vcxproj", "{0809F335-5765-47D9-B376-19DA0F3E51A7}"
EndProject
Project("{8BC9CEB8-8B4A-11D0-8D11-00A0C91BC942}") = "CodeKata9", "CodeKata9\CodeKata9.vcxproj", "{5D503E83-E129-4833-9FD9-3C2DFA30635E}"
EndProject
Project("{8BC9CEB8-8B4A-11D0-8D11-00A0C91BC942}") = "CodeKata10", "CodeKata10\CodeKata10.vcxproj", "{007EE2DF-CBC9-48A4-9C77-08AA5180A05C}"
EndProject
Project("{8BC9CEB8-8B4A-11D0-8D11-00A0C91BC942}") = "CodeKata11", "CodeKata11\CodeKata11.vcxproj", "{F98CB0A4-B1FB-49FD-9AFB-D1201CF42101}"
EndProject
Project("{8BC9CEB8-8B4A-11D0-8D11-00A0C91BC942}") = "CodeKata12", "CodeKata12\CodeKata12.vcxproj", "{BE80F108-CDB7-4E4F-A646-A2D652C9B23B}"
EndProject
Project("{8BC9CEB8-8B4A-11D0-8D11-00A0C91BC942}") = "CodeKata13", "CodeKata13\CodeKata13.vcxproj", "{499E242E-4991-4ADB-A15B-D513408DD335}"
EndProject
Project("{8BC9CEB8-8B4A-11D0-8D11-00A0C91BC942}") = "CodeKata14", "CodeKata14\CodeKata14.vcxproj", "{491502B6-4C38-4DFC-8264-9B02A0D7FEB2}"
EndProject
Project("{8BC9CEB8-8B4A-11D0-8D11-00A0C91BC942}") = "CodeKata15", "CodeKata15\CodeKata15.vcxproj", "{0C64BECF-7808-4B10-ACAD-63E7446E17B9}"
EndProject
Project("{8BC9CEB8-8B4A-11D0-8D11-00A0C91BC942}") = "CodeKata16", "CodeKata16\CodeKata16.vcxproj", "{EB60E591-0880-4941-84BD-1E37622FE963}"
EndProject
Project("{8BC9CEB8-8B4A-11D0-8D11-00A0C91BC942}") = "CodeKata17", "CodeKata17\CodeKata17.vcxproj", "{52A02A8C-A62D-4011-8B1F-8FDB08BB4368}"
EndProject
Global
	GlobalSection(SolutionConfigurationPlatforms) = preSolution
		Debug|x64 = Debug|x64
		Debug|x86 = Debug|x86
		Release|x64 = Release|x64
		Release|x86 = Release|x86
	EndGlobalSection
	GlobalSection(ProjectConfigurationPlatforms) = postSolution
		{DBD121F1-9AC5-4DFE-9716-048F40D7C8D5}.Debug|x64.ActiveCfg = Debug|x64
		{DBD121F1-9AC5-4DFE-9716-048F40D7C8D5}.Debug|x64.Build.0 = Debug|x64
		{DBD121F1-9AC5-4DFE-9716-048F40D7C8D5}.Debug|x86.ActiveCfg = Debug|Win32
		{DBD121F1-9AC5-4DFE-9716-048F40D7C8D5}.Debug|x86.Build.0 = Debug|Win32
		{DBD121F1-9AC5-4DFE-9716-048F40D7C8D5}.Release|x64.ActiveCfg = Release|x64
		{DBD121F1-9AC5-4DFE-9716-048F40D7C8D5}.Release|x64.Build.0 = Release|x64
		{DBD121F1-9AC5-4DFE-9716-048F40D7C8D5}.Release|x86.ActiveCfg = Release|Win32
		{DBD121F1-9AC5-4DFE-9716-048F40D7C8D5}.Release|x86.Build.0 = Release|Win32
		{367682F9-F5A6-4FDE-BA98-E44EA1D93CCA}.Debug|x64.ActiveCfg = Debug|x64
		{367682F9-F5A6-4FDE-BA98-E44EA1D93CCA}.Debug|x64.Build.0 = Debug|x64
		{367682F9-F5A6-4FDE-BA98-E44EA1D93CCA}.Debug|x86.ActiveCfg = Debug|Win32
		{367682F9-F5A6-4FDE-BA98-E44EA1D93CCA}.Debug|x86.Build.0 = Debug|Win32
		{367682F9-F5A6-4FDE-BA98-E44EA1D93CCA}.Release|x64.ActiveCfg = Release|x64
		{367682F9-F5A6-4FDE-BA98-E44EA1D93CCA}.Release|x64.Build.0 = Release|x64
		{367682F9-F5A6-4FDE-BA98-E44EA1D93CCA}.Release|x86.ActiveCfg = Release|Win32
		{367682F9-F5A6-4FDE-BA98-E44EA1D93CCA}.Release|x86.Build.0 = Release|Win32
		{1BE30A10-67A8-4D36-8DE9-DF4D88EEFB20}.Debug|x64.ActiveCfg = Debug|x64
		{1BE30A10-67A8-4D36-8DE9-DF4D88EEFB20}.Debug|x64.Build.0 = Debug|x64
		{1BE30A10-67A8-4D36-8DE9-DF4D88EEFB20}.Debug|x86.ActiveCfg = Debug|Win32
		{1BE30A10-67A8-4D36-8DE9-DF4D88EEFB20}.Debug|x86.Build.0 = Debug|Win32
		{1BE30A10-67A8-4D36-8DE9-DF4D88EEFB20}.Release|x64.ActiveCfg = Release|x64
		{1BE30A10-67A8-4D36-8DE9-DF4D88EEFB20}.Release|x64.Build.0 = Release|x64
		{1BE30A10-67A8-4D36-8DE9-DF4D88EEFB20}.Release|x86.ActiveCfg = Release|Win32
		{1BE30A10-67A8-4D36-8DE9-DF4D88EEFB20}.Release|x86.Build.0 = Release|Win32
		{AB534032-B02E-41B3-B3C1-5B39D2578A2A}.Debug|x64.ActiveCfg = Debug|x64
		{AB534032-B02E-41B3-B3C1-5B39D2578A2A}.Debug|x64.Build.0 = Debug|x64
		{AB534032-B02E-41B3-B3C1-5B39D2578A2A}.Debug|x86.ActiveCfg = Debug|Win32
		{AB534032-B02E-41B3-B3C1-5B39D2578A2A}.Debug|x86.Build.0 = Debug|Win32
		{AB534032-B02E-41B3-B3C1-5B39D2578A2A}.Release|x64.ActiveCfg = Release|x64
		{AB534032-B02E-41B3-B3C1-5B39D2578A2A}.Release|x64.Build.0 = Release|x64
		{AB534032-B02E-41B3-B3C1-5B39D2578A2A}.Release|x86.ActiveCfg = Release|Win32
		{AB534032-B02E-41B3-B3C1-5B39D2578A2A}.Release|x86.Build.0 = Release|Win32
		{65691E1A-CC1C-4BE6-822A-E68BD3D4BBB3}.Debug|x64.ActiveCfg = Debug|x64
		{65691E1A-CC1C-4BE6-822A-E68BD3D4BBB3}.Debug|x64.Build.0 = Debug|x64
		{65691E1A-CC1C-4BE6-822A-E68BD3D4BBB3}.Debug|x86.ActiveCfg = Debug|Win32
		{65691E1A-CC1C-4BE6-822A-E68BD3D4BBB3}.Debug|x86.Build.0 = Debug|Win32
		{65691E1A-CC1C-4BE6-822A-E68BD3D4BBB3}.Release|x64.ActiveCfg = Release|x64
		{65691E1A-CC1C-4BE6-822A-E68BD3D4BBB3}.Release|x64.Build.0 = Release|x64
		{65691E1A-CC1C-4BE6-822A-E68BD3D4BBB3}.Release|x86.ActiveCfg = Release|Win32
		{65691E1A-CC1C-4BE6-822A-E68BD3D4BBB3}.Release|x86.Build.0 = Release|Win32
		{E18A5AB4-56E4-4AE8-B083-1DF12EC5EA7B}.Debug|x64.ActiveCfg = Debug|x64
		{E18A5AB4-56E4-4AE8-B083-1DF12EC5EA7B}.Debug|x64.Build.0 = Debug|x64
		{E18A5AB4-56E4-4AE8-B083-1DF12EC5EA7B}.Debug|x86.ActiveCfg = Debug|Win32
		{E18A5AB4-56E4-4AE8-B083-1DF12EC5EA7B}.Debug|x86.Build.0 = Debug|Win32
		{E18A5AB4-56E4-4AE8-B083-1DF12EC5EA7B}.Release|x64.ActiveCfg = Release|x64
		{E18A5AB4-56E4-4AE8-B083-1DF12EC5EA7B}.Release|x64.Build.0 = Release|x64
		{E18A5AB4-56E4-4AE8-B083-1DF12EC5EA7B}.Release|x86.ActiveCfg = Release|Win32
		{E18A5AB4-56E4-4AE8-B083-1DF12EC5EA7B}.Release|x86.Build.0 = Release|Win32
		{380A2E3B-3F7C-4997-AE6A-B99526CE690A}.Debug|x64.ActiveCfg = Debug|x64
		{380A2E3B-3F7C-4997-AE6A-B99526CE690A}.Debug|x64.Build.0 = Debug|x64
		{380A2E3B-3F7C-4997-AE6A-B99526CE690A}.Debug|x86.ActiveCfg = Debug|Win32
		{380A2E3B-3F7C-4997-AE6A-B99526CE690A}.Debug|x86.Build.0 = Debug|Win32
		{380A2E3B-3F7C-4997-AE6A-B99526CE690A}.Release|x64.ActiveCfg = Release|x64
		{380A2E3B-3F7C-4997-AE6A-B99526CE690A}.Release|x64.Build.0 = Release|x64
		{380A2E3B-3F7C-4997-AE6A-B99526CE690A}.Release|x86.ActiveCfg = Release|Win32
		{380A2E3B-3F7C-4997-AE6A-B99526CE690A}.Release|x86.Build.0 = Release|Win32
		{0809F335-5765-47D9-B376-19DA0F3E51A7}.Debug|x64.ActiveCfg = Debug|x64
		{0809F335-5765-47D9-B376-19DA0F3E51A7}.Debug|x64.Build.0 = Debug|x64
		{0809F335-5765-47D9-B376-19DA0F3E51A7}.Debug|x86.ActiveCfg = Debug|Win32
		{0809F335-5765-47D9-B376-19DA0F3E51A7}.Debug|x86.Build.0 = Debug|Win32
		{0809F335-5765-47D9-B376-19DA0F3E51A7}.Release|x64.ActiveCfg = Release|x64
		{0809F335-5765-47D9-B376-19DA0F3E51A7}.Release|x64.Build.0 = Release|x64
		{0809F335-5765-47D9-B376-19DA0F3E51A7}.Release|x86.ActiveCfg = Release|Win32
		{0809F335-5765-47D9-B376-19DA0F3E51A7}.Release|x86.Build.0 = Release|Win32
		{5D503E83-E129-4833-9FD9-3C2DFA30635E}.Debug|x64.ActiveCfg = Debug|x64
		{5D503E83-E129-4833-9FD9-3C2DFA30635E}.Debug|x64.Build.0 = Debug|x64
		{5D503E83-E129-4833-9FD9-3C2DFA30635E}.Debug|x86.ActiveCfg = Debug|Win32
		{5D503E83-E129-4833-9FD9-3C2DFA30635E}.Debug|x86.Build.0 = Debug|Win32
		{5D503E83-E129-4833-9FD9-3C2DFA30635E}.Release|x64.ActiveCfg = Release|x64
		{5D503E83-E129-4833-9FD9-3C2DFA30635E}.Release|x64.Build.0 = Release|x64
		{5D503E83-E129-4833-9FD9-3C2DFA30635E}.Release|x86.ActiveCfg = Release|Win32
		{5D503E83-E129-4833-9FD9-3C2DFA30635E}.Release|x86.Build.0 = Release|Win32
		{007EE2DF-CBC9-48A4-9C77-08AA5180A05C}.Debug|x64.ActiveCfg = Debug|x64
		{007EE2DF-CBC9-48A4-9C77-08AA5180A05C}.Debug|x64.Build.0 = Debug|x64
		{007EE2DF-CBC9-48A4-9C77-08AA5180A05C}.Debug|x86.ActiveCfg = Debug|Win32
		{007EE2DF-CBC9-48A4-9C77-08AA5180A05C}.Debug|x86.Build.0 = Debug|Win32
		{007EE2DF-CBC9-48A4-9C77-08AA5180A05C}.Release|x64.ActiveCfg = Release|x64
		{007EE2DF-CBC9-48A4-9C77-08AA5180A05C}.Release|x64.Build.0 = Release|x64
		{007EE2DF-CBC9-48A4-9C77-08AA5180A05C}.Release|x86.ActiveCfg = Release|Win32
		{007EE2DF-CBC9-48A4-9C77-08AA5180A05C}.Release|x86.Build.0 = Release|Win32
		{F98CB0A4-B1FB-49FD-9AFB-D1201CF42101}.Debug|x64.ActiveCfg = Debug|x64
		{F98CB0A4-B1FB-49FD-9AFB-D1201CF42101}.Debug|x64.Build.0 = Debug|x64
		{F98CB0A4-B1FB-49FD-9AFB-D1201CF42101}.Debug|x86.ActiveCfg = Debug|Win32
		{F98CB0A4-B1FB-49FD-9AFB-D1201CF42101}.Debug|x86.Build.0 = Debug|Win32
		{F98CB0A4-B1FB-49FD-9AFB-D1201CF42101}.Release|x64.ActiveCfg = Release|x64
		{F98CB0A4-B1FB-49FD-9AFB-D1201CF42101}.Release|x64.Build.0 = Release|x64
		{F98CB0A4-B1FB-49FD-9AFB-D1201CF42101}.Release|x86.ActiveCfg = Release|Win32
		{F98CB0A4-B1FB-49FD-9AFB-D1201CF42101}.Release|x86.Build.0 = Release|Win32
		{BE80F108-CDB7-4E4F-A646-A2D652C9B23B}.Debug|x64.ActiveCfg = Debug|x64
		{BE80F108-CDB7-4E4F-A646-A2D652C9B23B}.Debug|x64.Build.0 = Debug|x64
		{BE80F108-CDB7-4E4F-A646-A2D652C9B23B}.Debug|x86.ActiveCfg = Debug|Win32
		{BE80F108-CDB7-4E4F-A646-A2D652C9B23B}.Debug|x86.Build.0 = Debug|Win32
		{BE80F108-CDB7-4E4F-A646-A2D652C9B23B}.Release|x64.ActiveCfg = Release|x64
		{BE80F108-CDB7-4E4F-A646-A2D652C9B23B}.Release|x64.Build.0 = Release|x64
		{BE80F108-CDB7-4E4F-A646-A2D652C9B23B}.Release|x86.ActiveCfg = Release|Win32
		{BE80F108-CDB7-4E4F-A646-A2D652C9B23B}.Release|x86.Build.0 = Release|Win32
		{499E242E-4991-4ADB-A15B-D513408DD335}.Debug|x64.ActiveCfg = Debug|x64
		{499E242E-4991-4ADB-A15B-D513408DD335}.Debug|x64.Build.0 = Debug|x64
		{499E242E-4991-4ADB-A15B-D513408DD335}.Debug|x86.ActiveCfg = Debug|Win32
		{499E242E-4991-4ADB-A15B-D513408DD335}.Debug|x86.Build.0 = Debug|Win32
		{499E242E-4991-4ADB-A15B-D513408DD335}.Release|x64.ActiveCfg = Release|x64
		{499E242E-4991-4ADB-A15B-D513408DD335}.Release|x64.Build.0 = Release|x64
		{499E242E-4991-4ADB-A15B-D513408DD335}.Release|x86.ActiveCfg = Release|Win32
		{499E242E-4991-4ADB-A15B-D513408DD335}.Release|x86.Build.0 = Release|Win32
		{491502B6-4C38-4DFC-8264-9B02A0D7FEB2}.Debug|x64.ActiveCfg = Debug|x64
		{491502B6-4C38-4DFC-8264-9B02A0D7FEB2}.Debug|x64.Build.0 = Debug|x64
		{491502B6-4C38-4DFC-8264-9B02A0D7FEB2}.Debug|x86.ActiveCfg = Debug|Win32
		{491502B6-4C38-4DFC-8264-9B02A0D7FEB2}.Debug|x86.Build.0 = Debug|Win32
		{491502B6-4C38-4DFC-8264-9B02A0D7FEB2}.Release|x64.ActiveCfg = Release|x64
		{491502B6-4C38-4DFC-8264-9B02A0D7FEB2}.Release|x64.Build.0 = Release|x64
		{491502B6-4C38-4DFC-8264-9B02A0D7FEB2}.Release|x86.ActiveCfg = Release|Win32
		{491502B6-4C38-4DFC-8264-9B02A0D7FEB2}.Release|x86.Build.0 = Release|Win32
		{0C64BECF-7808-4B10-ACAD-63E7446E17B9}.Debug|x64.ActiveCfg = Debug|x64
		{0C64BECF-7808-4B10-ACAD-63E7446E17B9}.Debug|x64.Build.0 = Debug|x64
		{0C64BECF-7808-4B10-ACAD-63E7446E17B9}.Debug|x86.ActiveCfg = Debug|Win32
		{0C64BECF-7808-4B10-ACAD-63E7446E17B9}.Debug|x86.Build.0 = Debug|Win32
		{0C64BECF-7808-4B10-ACAD-63E7446E17B9}.Release|x64.ActiveCfg = Release|x64
		{0C64BECF-7808-4B10-ACAD-63E7446E17B9}.Release|x64.Build.0 = Release|x64
		{0C64BECF-7808-4B10-ACAD-63E7446E17B9}.Release|x86.ActiveCfg = Release|Win32
		{0C64BECF-7808-4B10-ACAD-63E7446E17B9}.Release|x86.Build.0 = Release|Win32
		{EB60E591-0880-4941-84BD-1E37622FE963}.Debug|x64.ActiveCfg = Debug|x64
		{EB60E591-0880-4941-84BD-1E37622FE963}.Debug|x64.Build.0 = Debug|x64
		{EB60E591-0880-4941-84BD-1E37622FE963}.Debug|x86.ActiveCfg = Debug|Win32
		{EB60E591-0880-4941-84BD-1E37622FE963}.Debug|x86.Build.0 = Debug|Win32
		{EB60E591-0880-4941-84BD-1E37622FE963}.Release|x64.ActiveCfg = Release|x64
		{EB60E591-0880-4941-84BD-1E37622FE963}.Release|x64.Build.0 = Release|x64
		{EB60E591-0880-4941-84BD-1E37622FE963}.Release|x86.ActiveCfg = Release|Win32
		{EB60E591-0880-4941-84BD-1E37622FE963}.Release|x86.Build.0 = Release|Win32
		{52A02A8C-A62D-4011-8B1F-8FDB08BB4368}.Debug|x64.ActiveCfg = Debug|x64
		{52A02A8C-A62D-4011-8B1F-8FDB08BB4368}.Debug|x64.Build.0 = Debug|x64
		{52A02A8C-A62D-4011-8B1F-8FDB08BB4368}.Debug|x86.ActiveCfg = Debug|Win32
		{52A02A8C-A62D-4011-8B1F-8FDB08BB4368}.Debug|x86.Build.0 = Debug|Win32
		{52A02A8C-A62D-4011-8B1F-8FDB08BB4368}.Release|x64.ActiveCfg = Release|x64
		{52A02A8C-A62D-4011-8B1F-8FDB08BB4368}.Release|x64.Build.0 = Release|x64
		{52A02A8C-A62D-4011-8B1F-8FDB08BB4368}.Release|x86.ActiveCfg = Release|Win32
		{52A02A8C-A62D-4011-8B1F-8FDB08BB4368}.Release|x86.Build.0 = Release|Win32
	EndGlobalSection
	GlobalSection(SolutionProperties) = preSolution
		HideSolutionNode = FALSE
	EndGlobalSection
	GlobalSection(ExtensibilityGlobals) = postSolution
		SolutionGuid = {03DE5B6C-F73C-4B67-9781-DC3484E8F830}
	EndGlobalSection
EndGlobal
